
Microsoft Visual Studio Solution File, Format Version 12.00
# Visual Studio 2013
VisualStudioVersion = 12.0.21005.1
MinimumVisualStudioVersion = 10.0.40219.1
Project("{2150E333-8FDC-42A3-9474-1A3956D46DE8}") = "Core", "Core", "{0E1852AB-677F-43BC-9EBC-DF3400754CBA}"
EndProject
Project("{2150E333-8FDC-42A3-9474-1A3956D46DE8}") = "Network Layer", "Network Layer", "{735BB0E9-6780-4F73-BC74-A80427B5D6E1}"
EndProject
Project("{2150E333-8FDC-42A3-9474-1A3956D46DE8}") = "Cache Mode", "Cache Mode", "{E5043BE8-9C77-4DD8-A3BA-83CC5CB3B51E}"
EndProject
Project("{2150E333-8FDC-42A3-9474-1A3956D46DE8}") = "Dynamic Component Layer", "Dynamic Component Layer", "{8E980992-E84B-47AE-8337-8E901D1C4C32}"
EndProject
Project("{2150E333-8FDC-42A3-9474-1A3956D46DE8}") = "Game References", "Game References", "{C3B5B163-D232-4511-BC56-7A64DF748A82}"
EndProject
Project("{2150E333-8FDC-42A3-9474-1A3956D46DE8}") = "SOA Framework", "SOA Framework", "{24C883EF-4260-4923-BD83-B92D84E70A39}"
EndProject
Project("{2150E333-8FDC-42A3-9474-1A3956D46DE8}") = "Transaction References", "Transaction References", "{86A6DFF2-4534-4DE5-A9D4-FC94CE612925}"
EndProject
Project("{2150E333-8FDC-42A3-9474-1A3956D46DE8}") = "UI Layer", "UI Layer", "{63BF05F9-30C5-4868-83A3-F8172C16BFE0}"
EndProject
Project("{2150E333-8FDC-42A3-9474-1A3956D46DE8}") = "KJFramework.Dynamic", "KJFramework.Dynamic", "{0241ADF2-56FB-48A9-9F13-5FCB8CA4E09E}"
EndProject
Project("{2150E333-8FDC-42A3-9474-1A3956D46DE8}") = "Test Sol", "Test Sol", "{6DCCD187-4EF8-4E2D-A06F-D0647D62AB1D}"
EndProject
Project("{2150E333-8FDC-42A3-9474-1A3956D46DE8}") = "Sync Framework", "Sync Framework", "{25FE450A-EF83-48B6-8A2E-294C1A97410D}"
EndProject
Project("{2150E333-8FDC-42A3-9474-1A3956D46DE8}") = "Message Contract", "Message Contract", "{9B82C04B-D84A-4BA1-8412-B8924F639BBD}"
EndProject
Project("{FAE04EC0-301F-11D3-BF4B-00C04F79EFBC}") = "KJFramework", "KJFramework\KJFramework\KJFramework.csproj", "{000F6EB2-71D8-4700-9E40-2A7EAC9DB2B1}"
EndProject
Project("{FAE04EC0-301F-11D3-BF4B-00C04F79EFBC}") = "KJFramework.Basic", "KJFramework.Basic\KJFramework.Basic\KJFramework.Basic.csproj", "{D5A0178C-16F7-453E-A301-D1D61910D2AF}"
EndProject
Project("{FAE04EC0-301F-11D3-BF4B-00C04F79EFBC}") = "KJFramework.Cache", "KJFramework.Cache\KJFramework.Cache\KJFramework.Cache.csproj", "{6F85C222-1CD2-44D4-8D06-22F557D4CF04}"
EndProject
Project("{FAE04EC0-301F-11D3-BF4B-00C04F79EFBC}") = "KJFramework.Dynamic", "KJFramework.Dynamic\KJFramework.Dynamic\KJFramework.Dynamic.csproj", "{47672612-8AA3-4729-A210-4F30E3FB39E4}"
EndProject
Project("{FAE04EC0-301F-11D3-BF4B-00C04F79EFBC}") = "KJFramework.IO", "KJFramework.IO\KJFramework.IO\KJFramework.IO.csproj", "{12309506-18A3-48BF-8A55-E950A87A905E}"
EndProject
Project("{FAE04EC0-301F-11D3-BF4B-00C04F79EFBC}") = "KJFramework.Net", "KJFramework.Net\KJFramework.Net\KJFramework.Net.csproj", "{35FD171E-DE60-4E34-9A35-E33C3BA8C02F}"
EndProject
Project("{FAE04EC0-301F-11D3-BF4B-00C04F79EFBC}") = "KJFramework.Net.Channels", "KJFramework.Net.Channels\KJFramework.Net.Channels\KJFramework.Net.Channels.csproj", "{33FE11D3-2810-4432-B64C-B16935BB47CD}"
EndProject
Project("{FAE04EC0-301F-11D3-BF4B-00C04F79EFBC}") = "KJFramework.Net.Cloud", "KJFramework.Net.Cloud\KJFramework.Net.Cloud\KJFramework.Net.Cloud.csproj", "{AE41152B-69DA-4F04-BBD9-4E3927EA9552}"
EndProject
Project("{FAE04EC0-301F-11D3-BF4B-00C04F79EFBC}") = "KJFramework.Net.Transaction", "KJFramework.Net.Transaction\KJFramework.Net.Transaction\KJFramework.Net.Transaction.csproj", "{658C4853-7022-4C2F-BB82-7261DBDAE55D}"
EndProject
Project("{FAE04EC0-301F-11D3-BF4B-00C04F79EFBC}") = "KJFramework.ServiceModel", "KJFramework.ServiceModel\KJFramework.ServiceModel\KJFramework.ServiceModel.csproj", "{67114374-9743-4E0E-8368-6117E6C62184}"
EndProject
Project("{FAE04EC0-301F-11D3-BF4B-00C04F79EFBC}") = "KJFramework.ServiceModel.Bussiness.Default", "KJFramework.ServiceModel\KJFramework.ServiceModel.Bussiness.Default\KJFramework.ServiceModel.Bussiness.Default.csproj", "{0BCE2886-4FB3-4B9F-924A-0A7975EF701A}"
EndProject
Project("{FAE04EC0-301F-11D3-BF4B-00C04F79EFBC}") = "KJFramework.ServiceModel.Core", "KJFramework.ServiceModel\KJFramework.ServiceModel.Core\KJFramework.ServiceModel.Core.csproj", "{2495424E-1415-478E-B9E5-4674BE08CAE8}"
EndProject
Project("{FAE04EC0-301F-11D3-BF4B-00C04F79EFBC}") = "KJFramework.ServiceModel.Bussiness.VSPlugin", "KJFramework.ServiceModel\KJFramework.ServiceModel.Bussiness.VSPlugin\KJFramework.ServiceModel.Bussiness.VSPlugin.csproj", "{FB681A2F-F2FB-4085-B1D0-D0B39D29677A}"
EndProject
Project("{FAE04EC0-301F-11D3-BF4B-00C04F79EFBC}") = "KJFramework.ServiceModel.Bussiness.VSPlugin.UnitTest", "KJFramework.ServiceModel\KJFramework.ServiceModel.Bussiness.VSPlugin.UnitTest\KJFramework.ServiceModel.Bussiness.VSPlugin.UnitTest.csproj", "{11E766A1-ACF5-453B-AA82-9AB1D1C4E86A}"
EndProject
Project("{FAE04EC0-301F-11D3-BF4B-00C04F79EFBC}") = "KJFramework.ServiceModel.LoadTest", "KJFramework.ServiceModel\KJFramework.ServiceModel.LoadTest\KJFramework.ServiceModel.LoadTest.csproj", "{E4EA091F-7F02-4255-9F52-6872E2588836}"
EndProject
Project("{FAE04EC0-301F-11D3-BF4B-00C04F79EFBC}") = "KJFramework.Game.Basic", "KJFramework.Game.Basic\KJFramework.Game.Basic\KJFramework.Game.Basic.csproj", "{03D02A23-9924-490B-9B76-15315EADC18B}"
EndProject
Project("{FAE04EC0-301F-11D3-BF4B-00C04F79EFBC}") = "KJFramework.UI", "KJFramework.UI\KJFramework.UI\KJFramework.UI.csproj", "{91B38C53-C814-4878-9A7C-87E07465613A}"
EndProject
Project("{FAE04EC0-301F-11D3-BF4B-00C04F79EFBC}") = "KJFramework.Cache.Performances.Segment", "KJFramework.Cache\KJFramework.Cache.Performances.Segment\KJFramework.Cache.Performances.Segment.csproj", "{9A1C10A8-5CB7-4535-9610-E04D7137326B}"
EndProject
Project("{FAE04EC0-301F-11D3-BF4B-00C04F79EFBC}") = "KJFramework.Cache.ArithmeticTest", "KJFramework.Cache\KJFramework.Cache.ArithmeticTest\KJFramework.Cache.ArithmeticTest.csproj", "{1B1C762D-905E-41CE-A3A3-4576F8DDDB5B}"
EndProject
Project("{FAE04EC0-301F-11D3-BF4B-00C04F79EFBC}") = "KJFramework.Dynamic.Template.Service", "KJFramework.Dynamic\KJFramework.Dynamic.Template.Service\KJFramework.Dynamic.Template.Service.csproj", "{BC6D3125-2A56-4E96-8ED5-37F26D284934}"
EndProject
Project("{FAE04EC0-301F-11D3-BF4B-00C04F79EFBC}") = "HostService", "KJFramework.Dynamic\HostService\HostService.csproj", "{4414E679-EE22-4630-8D77-51405A90D261}"
EndProject
Project("{FAE04EC0-301F-11D3-BF4B-00C04F79EFBC}") = "Component1", "KJFramework.Dynamic\Component1\Component1.csproj", "{1FF79A58-4B13-4A6A-B8D8-BCAD3979043E}"
EndProject
Project("{FAE04EC0-301F-11D3-BF4B-00C04F79EFBC}") = "Component2", "KJFramework.Dynamic\Component2\Component2.csproj", "{877FEE03-5B57-4BF5-A7BF-B3997BAE6BB9}"
EndProject
Project("{FAE04EC0-301F-11D3-BF4B-00C04F79EFBC}") = "ServerTest", "KJFramework.ServiceModel\ServerTest\ServerTest.csproj", "{6202E0C8-B4F6-4AA4-832A-564C88A3FD24}"
EndProject
Project("{FAE04EC0-301F-11D3-BF4B-00C04F79EFBC}") = "ServerTest.Contract", "KJFramework.ServiceModel\ServerTest.Contract\ServerTest.Contract.csproj", "{5AD80C17-EB97-4209-A3F0-A76BCA223800}"
EndProject
Project("{FAE04EC0-301F-11D3-BF4B-00C04F79EFBC}") = "ClientTest", "KJFramework.ServiceModel\ClientTest\ClientTest.csproj", "{CA221D9F-EA95-491C-A95E-D1CDA8468101}"
EndProject
Project("{FAE04EC0-301F-11D3-BF4B-00C04F79EFBC}") = "KJFramework.ServiceModel.UnitTest", "KJFramework.ServiceModel\KJFramework.ServiceModel.UnitTest\KJFramework.ServiceModel.UnitTest.csproj", "{D4BC98A0-3A77-46D6-A91D-B630F3BBCE06}"
EndProject
Project("{FAE04EC0-301F-11D3-BF4B-00C04F79EFBC}") = "KJFramework.Data.Synchronization", "KJFramework.Data.Synchronization\KJFramework.Data.Synchronization\KJFramework.Data.Synchronization.csproj", "{9C08AC15-9965-4F6E-BFD8-C37BDA1EE845}"
EndProject
Project("{F088123C-0E9E-452A-89E6-6BA2F21D5CAC}") = "KJFramework.Data.Synchronization.Model", "KJFramework.Data.Synchronization\KJFramework.Data.Synchronization.Model\KJFramework.Data.Synchronization.Model.modelproj", "{176B6638-05E0-4D84-B6B7-86EA35B054F2}"
EndProject
Project("{FAE04EC0-301F-11D3-BF4B-00C04F79EFBC}") = "Test", "KJFramework.Message\Test\Test.csproj", "{97978956-55F1-41F4-BD90-75AF372C339C}"
EndProject
Project("{2150E333-8FDC-42A3-9474-1A3956D46DE8}") = "Test Framework", "Test Framework", "{BF86659C-D45A-4B08-83C7-A04E354737A5}"
EndProject
Project("{FAE04EC0-301F-11D3-BF4B-00C04F79EFBC}") = "KJFramework.Test.LoadRunner", "KJFramework.Test.LoadRunner\KJFramework.Test.LoadRunner.csproj", "{7647A48C-0A33-4210-9EB5-6D5E485ECC81}"
EndProject
Project("{2150E333-8FDC-42A3-9474-1A3956D46DE8}") = "Deployment References", "Deployment References", "{DABF1239-3C69-49DD-80FA-5B5448F59E49}"
EndProject
Project("{FAE04EC0-301F-11D3-BF4B-00C04F79EFBC}") = "KJFramework.Platform.Deploy.CSN", "KJFramework.Platform.Deploy.CSN\KJFramework.Platform.Deploy.CSN.csproj", "{5844CBA9-FCCB-4D7A-ACEE-9C33AA11C996}"
EndProject
Project("{2150E333-8FDC-42A3-9474-1A3956D46DE8}") = "Configuration Station Node", "Configuration Station Node", "{3A2D1580-FF48-4C65-98E7-C7F7AAA64C58}"
EndProject
Project("{FAE04EC0-301F-11D3-BF4B-00C04F79EFBC}") = "KJFramework.Platform.Deploy.CSN.Common", "KJFramework.Platform.Deploy.CSN.Common\KJFramework.Platform.Deploy.CSN.Common.csproj", "{09C9CD08-DB98-41A5-AE44-D581138C88D2}"
EndProject
Project("{FAE04EC0-301F-11D3-BF4B-00C04F79EFBC}") = "KJFramework.Platform.Deploy.CSN.CP.Connector", "KJFramework.Platform.Deploy.CSN.CP.Connector\KJFramework.Platform.Deploy.CSN.CP.Connector.csproj", "{A1380A80-DC86-46AE-89C6-31FE11E16FB6}"
EndProject
Project("{FAE04EC0-301F-11D3-BF4B-00C04F79EFBC}") = "KJFramework.Platform.Deploy.CSN.ProtocolStack", "KJFramework.Platform.Deploy.CSN.ProtocolStack\KJFramework.Platform.Deploy.CSN.ProtocolStack.csproj", "{D7BA6901-69E9-47BA-B52D-2D7D08420246}"
EndProject
Project("{FAE04EC0-301F-11D3-BF4B-00C04F79EFBC}") = "KJFramework.Platform.Deploy.Metadata", "KJFramework.Platform.Deploy.Metadata\KJFramework.Platform.Deploy.Metadata.csproj", "{6C3A90BD-9A96-446B-86C2-079D728F65C7}"
EndProject
Project("{2150E333-8FDC-42A3-9474-1A3956D46DE8}") = "Data", "Data", "{3FB0D85E-310E-499C-ADE8-06A591C25531}"
EndProject
Project("{FAE04EC0-301F-11D3-BF4B-00C04F79EFBC}") = "KJFramework.Data.ObjectDB", "KJFramework.Data.ObjectDB\KJFramework.Data.ObjectDB.csproj", "{14FFF597-5294-4DD4-8373-923B270D7D37}"
EndProject
Project("{FAE04EC0-301F-11D3-BF4B-00C04F79EFBC}") = "KJFramework.Messages", "KJFramework.Message\KJFramework.Messages\KJFramework.Messages.csproj", "{ACA46F02-5B48-4520-8CB2-3CA01F19B498}"
EndProject
Project("{FAE04EC0-301F-11D3-BF4B-00C04F79EFBC}") = "KJFramework.Messages.UnitTest", "KJFramework.Message\KJFramework.Messages.UnitTest\KJFramework.Messages.UnitTest.csproj", "{4FBF2FFB-A763-4D3F-BBE9-ED7C4619696D}"
EndProject
Project("{FAE04EC0-301F-11D3-BF4B-00C04F79EFBC}") = "KJFramework.Platform.Deploy.CSN.NetworkLayer", "KJFramework.Platform.Deploy.CSN.NetworkLayer\KJFramework.Platform.Deploy.CSN.NetworkLayer.csproj", "{1C6E6F93-515A-4C9B-A577-046D2BC8F486}"
EndProject
Project("{2150E333-8FDC-42A3-9474-1A3956D46DE8}") = "References DB Scripts", "References DB Scripts", "{C366CF00-7910-406F-B0D1-484CE8E9F9B2}"
	ProjectSection(SolutionItems) = preProject
		DBScripts\csndb.sql = DBScripts\csndb.sql
	EndProjectSection
EndProject
Project("{2150E333-8FDC-42A3-9474-1A3956D46DE8}") = "UnitTest Projects", "UnitTest Projects", "{F53B43FC-F2CB-4413-9546-C66650C7DFAA}"
EndProject
Project("{FAE04EC0-301F-11D3-BF4B-00C04F79EFBC}") = "KJFramework.Architecture.UnitTest", "KJFramework.Architecture.UnitTest\KJFramework.Architecture.UnitTest.csproj", "{902711A1-8E1E-4F60-AD34-1DC3E4BE35E3}"
EndProject
Project("{2150E333-8FDC-42A3-9474-1A3956D46DE8}") = "KAE", "KAE", "{3BB13ECB-28BA-4D58-9406-3C6BCDE8CB27}"
EndProject
Project("{F088123C-0E9E-452A-89E6-6BA2F21D5CAC}") = "KJFramework.ApplicationEngine.Diagrams", "KJFramework.ApplicationEngine.Diagrams\KJFramework.ApplicationEngine.Diagrams.modelproj", "{72138203-6EDC-4E36-9F30-DD78D115DFE1}"
EndProject
Project("{2150E333-8FDC-42A3-9474-1A3956D46DE8}") = "Basic Function Libraries (BFL)", "Basic Function Libraries (BFL)", "{418D4BBB-8E3E-42DB-8DE4-8DA1D9BB5101}"
EndProject
Project("{2150E333-8FDC-42A3-9474-1A3956D46DE8}") = "Platform Infrastructures (PI)", "Platform Infrastructures (PI)", "{4CFC07AB-744B-47BE-AF77-2396D429837E}"
EndProject
Project("{2150E333-8FDC-42A3-9474-1A3956D46DE8}") = "Producibility Architectures (PA)", "Producibility Architectures (PA)", "{BF95361C-3E49-4086-A5DD-395221E31D60}"
EndProject
Project("{2150E333-8FDC-42A3-9474-1A3956D46DE8}") = "Design Diagrams", "Design Diagrams", "{E20B97CC-C679-4280-89E5-C44658EC6CCD}"
EndProject
Project("{2150E333-8FDC-42A3-9474-1A3956D46DE8}") = "Code", "Code", "{4D005021-7846-4973-AB1D-912D18041C8A}"
EndProject
Project("{2150E333-8FDC-42A3-9474-1A3956D46DE8}") = "Application Management (APMS)", "Application Management (APMS)", "{61B65966-110D-4FA6-AC46-F02D4D4DE26A}"
EndProject
Project("{2150E333-8FDC-42A3-9474-1A3956D46DE8}") = "Routine Rules Control (RRCS)", "Routine Rules Control (RRCS)", "{CC87EFEA-3B2E-47CC-BBFF-E0EE702D9274}"
EndProject
Project("{2150E333-8FDC-42A3-9474-1A3956D46DE8}") = "Shared Libraries", "Shared Libraries", "{AAD4E8A3-58B3-41F6-9B25-6305CFFED484}"
EndProject
Project("{FAE04EC0-301F-11D3-BF4B-00C04F79EFBC}") = "KJFramework.ApplicationEngine", "KJFramework.ApplicationEngine\KJFramework.ApplicationEngine.csproj", "{0A0E8766-FAD6-4E67-ACEC-8D76ABFA7822}"
EndProject
Project("{FAE04EC0-301F-11D3-BF4B-00C04F79EFBC}") = "KJFramework.ApplicationEngine.ApplicationTest", "KJFramework.ApplicationEngine.ApplicationTest\KJFramework.ApplicationEngine.ApplicationTest.csproj", "{67211FA7-FE08-45C3-9BD1-D06F3D389951}"
EndProject
Global
	GlobalSection(SolutionConfigurationPlatforms) = preSolution
		Debug|Any CPU = Debug|Any CPU
		Debug|Mixed Platforms = Debug|Mixed Platforms
		Debug|x86 = Debug|x86
		Release|Any CPU = Release|Any CPU
		Release|Mixed Platforms = Release|Mixed Platforms
		Release|x86 = Release|x86
	EndGlobalSection
	GlobalSection(ProjectConfigurationPlatforms) = postSolution
		{000F6EB2-71D8-4700-9E40-2A7EAC9DB2B1}.Debug|Any CPU.ActiveCfg = Debug|Any CPU
		{000F6EB2-71D8-4700-9E40-2A7EAC9DB2B1}.Debug|Any CPU.Build.0 = Debug|Any CPU
		{000F6EB2-71D8-4700-9E40-2A7EAC9DB2B1}.Debug|Mixed Platforms.ActiveCfg = Debug|Any CPU
		{000F6EB2-71D8-4700-9E40-2A7EAC9DB2B1}.Debug|Mixed Platforms.Build.0 = Debug|Any CPU
		{000F6EB2-71D8-4700-9E40-2A7EAC9DB2B1}.Debug|x86.ActiveCfg = Debug|Any CPU
		{000F6EB2-71D8-4700-9E40-2A7EAC9DB2B1}.Release|Any CPU.ActiveCfg = Release|Any CPU
		{000F6EB2-71D8-4700-9E40-2A7EAC9DB2B1}.Release|Any CPU.Build.0 = Release|Any CPU
		{000F6EB2-71D8-4700-9E40-2A7EAC9DB2B1}.Release|Mixed Platforms.ActiveCfg = Release|Any CPU
		{000F6EB2-71D8-4700-9E40-2A7EAC9DB2B1}.Release|Mixed Platforms.Build.0 = Release|Any CPU
		{000F6EB2-71D8-4700-9E40-2A7EAC9DB2B1}.Release|x86.ActiveCfg = Release|Any CPU
		{D5A0178C-16F7-453E-A301-D1D61910D2AF}.Debug|Any CPU.ActiveCfg = Debug|Any CPU
		{D5A0178C-16F7-453E-A301-D1D61910D2AF}.Debug|Any CPU.Build.0 = Debug|Any CPU
		{D5A0178C-16F7-453E-A301-D1D61910D2AF}.Debug|Mixed Platforms.ActiveCfg = Debug|Any CPU
		{D5A0178C-16F7-453E-A301-D1D61910D2AF}.Debug|Mixed Platforms.Build.0 = Debug|Any CPU
		{D5A0178C-16F7-453E-A301-D1D61910D2AF}.Debug|x86.ActiveCfg = Debug|Any CPU
		{D5A0178C-16F7-453E-A301-D1D61910D2AF}.Release|Any CPU.ActiveCfg = Release|Any CPU
		{D5A0178C-16F7-453E-A301-D1D61910D2AF}.Release|Any CPU.Build.0 = Release|Any CPU
		{D5A0178C-16F7-453E-A301-D1D61910D2AF}.Release|Mixed Platforms.ActiveCfg = Release|Any CPU
		{D5A0178C-16F7-453E-A301-D1D61910D2AF}.Release|Mixed Platforms.Build.0 = Release|Any CPU
		{D5A0178C-16F7-453E-A301-D1D61910D2AF}.Release|x86.ActiveCfg = Release|Any CPU
		{6F85C222-1CD2-44D4-8D06-22F557D4CF04}.Debug|Any CPU.ActiveCfg = Debug|Any CPU
		{6F85C222-1CD2-44D4-8D06-22F557D4CF04}.Debug|Any CPU.Build.0 = Debug|Any CPU
		{6F85C222-1CD2-44D4-8D06-22F557D4CF04}.Debug|Mixed Platforms.ActiveCfg = Debug|Any CPU
		{6F85C222-1CD2-44D4-8D06-22F557D4CF04}.Debug|Mixed Platforms.Build.0 = Debug|Any CPU
		{6F85C222-1CD2-44D4-8D06-22F557D4CF04}.Debug|x86.ActiveCfg = Debug|Any CPU
		{6F85C222-1CD2-44D4-8D06-22F557D4CF04}.Release|Any CPU.ActiveCfg = Release|Any CPU
		{6F85C222-1CD2-44D4-8D06-22F557D4CF04}.Release|Any CPU.Build.0 = Release|Any CPU
		{6F85C222-1CD2-44D4-8D06-22F557D4CF04}.Release|Mixed Platforms.ActiveCfg = Release|Any CPU
		{6F85C222-1CD2-44D4-8D06-22F557D4CF04}.Release|Mixed Platforms.Build.0 = Release|Any CPU
		{6F85C222-1CD2-44D4-8D06-22F557D4CF04}.Release|x86.ActiveCfg = Release|Any CPU
		{47672612-8AA3-4729-A210-4F30E3FB39E4}.Debug|Any CPU.ActiveCfg = Debug|Any CPU
		{47672612-8AA3-4729-A210-4F30E3FB39E4}.Debug|Any CPU.Build.0 = Debug|Any CPU
		{47672612-8AA3-4729-A210-4F30E3FB39E4}.Debug|Mixed Platforms.ActiveCfg = Debug|Any CPU
		{47672612-8AA3-4729-A210-4F30E3FB39E4}.Debug|Mixed Platforms.Build.0 = Debug|Any CPU
		{47672612-8AA3-4729-A210-4F30E3FB39E4}.Debug|x86.ActiveCfg = Debug|Any CPU
		{47672612-8AA3-4729-A210-4F30E3FB39E4}.Release|Any CPU.ActiveCfg = Release|Any CPU
		{47672612-8AA3-4729-A210-4F30E3FB39E4}.Release|Any CPU.Build.0 = Release|Any CPU
		{47672612-8AA3-4729-A210-4F30E3FB39E4}.Release|Mixed Platforms.ActiveCfg = Release|Any CPU
		{47672612-8AA3-4729-A210-4F30E3FB39E4}.Release|Mixed Platforms.Build.0 = Release|Any CPU
		{47672612-8AA3-4729-A210-4F30E3FB39E4}.Release|x86.ActiveCfg = Release|Any CPU
		{12309506-18A3-48BF-8A55-E950A87A905E}.Debug|Any CPU.ActiveCfg = Debug|Any CPU
		{12309506-18A3-48BF-8A55-E950A87A905E}.Debug|Any CPU.Build.0 = Debug|Any CPU
		{12309506-18A3-48BF-8A55-E950A87A905E}.Debug|Mixed Platforms.ActiveCfg = Debug|Any CPU
		{12309506-18A3-48BF-8A55-E950A87A905E}.Debug|Mixed Platforms.Build.0 = Debug|Any CPU
		{12309506-18A3-48BF-8A55-E950A87A905E}.Debug|x86.ActiveCfg = Debug|Any CPU
		{12309506-18A3-48BF-8A55-E950A87A905E}.Release|Any CPU.ActiveCfg = Release|Any CPU
		{12309506-18A3-48BF-8A55-E950A87A905E}.Release|Any CPU.Build.0 = Release|Any CPU
		{12309506-18A3-48BF-8A55-E950A87A905E}.Release|Mixed Platforms.ActiveCfg = Release|Any CPU
		{12309506-18A3-48BF-8A55-E950A87A905E}.Release|Mixed Platforms.Build.0 = Release|Any CPU
		{12309506-18A3-48BF-8A55-E950A87A905E}.Release|x86.ActiveCfg = Release|Any CPU
		{35FD171E-DE60-4E34-9A35-E33C3BA8C02F}.Debug|Any CPU.ActiveCfg = Debug|Any CPU
		{35FD171E-DE60-4E34-9A35-E33C3BA8C02F}.Debug|Any CPU.Build.0 = Debug|Any CPU
		{35FD171E-DE60-4E34-9A35-E33C3BA8C02F}.Debug|Mixed Platforms.ActiveCfg = Debug|Any CPU
		{35FD171E-DE60-4E34-9A35-E33C3BA8C02F}.Debug|Mixed Platforms.Build.0 = Debug|Any CPU
		{35FD171E-DE60-4E34-9A35-E33C3BA8C02F}.Debug|x86.ActiveCfg = Debug|Any CPU
		{35FD171E-DE60-4E34-9A35-E33C3BA8C02F}.Release|Any CPU.ActiveCfg = Release|Any CPU
		{35FD171E-DE60-4E34-9A35-E33C3BA8C02F}.Release|Any CPU.Build.0 = Release|Any CPU
		{35FD171E-DE60-4E34-9A35-E33C3BA8C02F}.Release|Mixed Platforms.ActiveCfg = Release|Any CPU
		{35FD171E-DE60-4E34-9A35-E33C3BA8C02F}.Release|Mixed Platforms.Build.0 = Release|Any CPU
		{35FD171E-DE60-4E34-9A35-E33C3BA8C02F}.Release|x86.ActiveCfg = Release|Any CPU
		{33FE11D3-2810-4432-B64C-B16935BB47CD}.Debug|Any CPU.ActiveCfg = Debug|Any CPU
		{33FE11D3-2810-4432-B64C-B16935BB47CD}.Debug|Any CPU.Build.0 = Debug|Any CPU
		{33FE11D3-2810-4432-B64C-B16935BB47CD}.Debug|Mixed Platforms.ActiveCfg = Debug|Any CPU
		{33FE11D3-2810-4432-B64C-B16935BB47CD}.Debug|Mixed Platforms.Build.0 = Debug|Any CPU
		{33FE11D3-2810-4432-B64C-B16935BB47CD}.Debug|x86.ActiveCfg = Debug|Any CPU
		{33FE11D3-2810-4432-B64C-B16935BB47CD}.Release|Any CPU.ActiveCfg = Release|Any CPU
		{33FE11D3-2810-4432-B64C-B16935BB47CD}.Release|Any CPU.Build.0 = Release|Any CPU
		{33FE11D3-2810-4432-B64C-B16935BB47CD}.Release|Mixed Platforms.ActiveCfg = Release|Any CPU
		{33FE11D3-2810-4432-B64C-B16935BB47CD}.Release|Mixed Platforms.Build.0 = Release|Any CPU
		{33FE11D3-2810-4432-B64C-B16935BB47CD}.Release|x86.ActiveCfg = Release|Any CPU
		{AE41152B-69DA-4F04-BBD9-4E3927EA9552}.Debug|Any CPU.ActiveCfg = Debug|Any CPU
		{AE41152B-69DA-4F04-BBD9-4E3927EA9552}.Debug|Any CPU.Build.0 = Debug|Any CPU
		{AE41152B-69DA-4F04-BBD9-4E3927EA9552}.Debug|Mixed Platforms.ActiveCfg = Debug|Any CPU
		{AE41152B-69DA-4F04-BBD9-4E3927EA9552}.Debug|Mixed Platforms.Build.0 = Debug|Any CPU
		{AE41152B-69DA-4F04-BBD9-4E3927EA9552}.Debug|x86.ActiveCfg = Debug|Any CPU
		{AE41152B-69DA-4F04-BBD9-4E3927EA9552}.Release|Any CPU.ActiveCfg = Release|Any CPU
		{AE41152B-69DA-4F04-BBD9-4E3927EA9552}.Release|Any CPU.Build.0 = Release|Any CPU
		{AE41152B-69DA-4F04-BBD9-4E3927EA9552}.Release|Mixed Platforms.ActiveCfg = Release|Any CPU
		{AE41152B-69DA-4F04-BBD9-4E3927EA9552}.Release|Mixed Platforms.Build.0 = Release|Any CPU
		{AE41152B-69DA-4F04-BBD9-4E3927EA9552}.Release|x86.ActiveCfg = Release|Any CPU
		{658C4853-7022-4C2F-BB82-7261DBDAE55D}.Debug|Any CPU.ActiveCfg = Debug|Any CPU
		{658C4853-7022-4C2F-BB82-7261DBDAE55D}.Debug|Any CPU.Build.0 = Debug|Any CPU
		{658C4853-7022-4C2F-BB82-7261DBDAE55D}.Debug|Mixed Platforms.ActiveCfg = Debug|Any CPU
		{658C4853-7022-4C2F-BB82-7261DBDAE55D}.Debug|Mixed Platforms.Build.0 = Debug|Any CPU
		{658C4853-7022-4C2F-BB82-7261DBDAE55D}.Debug|x86.ActiveCfg = Debug|Any CPU
		{658C4853-7022-4C2F-BB82-7261DBDAE55D}.Release|Any CPU.ActiveCfg = Release|Any CPU
		{658C4853-7022-4C2F-BB82-7261DBDAE55D}.Release|Any CPU.Build.0 = Release|Any CPU
		{658C4853-7022-4C2F-BB82-7261DBDAE55D}.Release|Mixed Platforms.ActiveCfg = Release|Any CPU
		{658C4853-7022-4C2F-BB82-7261DBDAE55D}.Release|Mixed Platforms.Build.0 = Release|Any CPU
		{658C4853-7022-4C2F-BB82-7261DBDAE55D}.Release|x86.ActiveCfg = Release|Any CPU
		{67114374-9743-4E0E-8368-6117E6C62184}.Debug|Any CPU.ActiveCfg = Debug|Any CPU
		{67114374-9743-4E0E-8368-6117E6C62184}.Debug|Any CPU.Build.0 = Debug|Any CPU
		{67114374-9743-4E0E-8368-6117E6C62184}.Debug|Mixed Platforms.ActiveCfg = Debug|Any CPU
		{67114374-9743-4E0E-8368-6117E6C62184}.Debug|Mixed Platforms.Build.0 = Debug|Any CPU
		{67114374-9743-4E0E-8368-6117E6C62184}.Debug|x86.ActiveCfg = Debug|Any CPU
		{67114374-9743-4E0E-8368-6117E6C62184}.Release|Any CPU.ActiveCfg = Release|Any CPU
		{67114374-9743-4E0E-8368-6117E6C62184}.Release|Any CPU.Build.0 = Release|Any CPU
		{67114374-9743-4E0E-8368-6117E6C62184}.Release|Mixed Platforms.ActiveCfg = Release|Any CPU
		{67114374-9743-4E0E-8368-6117E6C62184}.Release|Mixed Platforms.Build.0 = Release|Any CPU
		{67114374-9743-4E0E-8368-6117E6C62184}.Release|x86.ActiveCfg = Release|Any CPU
		{0BCE2886-4FB3-4B9F-924A-0A7975EF701A}.Debug|Any CPU.ActiveCfg = Debug|Any CPU
		{0BCE2886-4FB3-4B9F-924A-0A7975EF701A}.Debug|Any CPU.Build.0 = Debug|Any CPU
		{0BCE2886-4FB3-4B9F-924A-0A7975EF701A}.Debug|Mixed Platforms.ActiveCfg = Debug|Any CPU
		{0BCE2886-4FB3-4B9F-924A-0A7975EF701A}.Debug|Mixed Platforms.Build.0 = Debug|Any CPU
		{0BCE2886-4FB3-4B9F-924A-0A7975EF701A}.Debug|x86.ActiveCfg = Debug|Any CPU
		{0BCE2886-4FB3-4B9F-924A-0A7975EF701A}.Release|Any CPU.ActiveCfg = Release|Any CPU
		{0BCE2886-4FB3-4B9F-924A-0A7975EF701A}.Release|Any CPU.Build.0 = Release|Any CPU
		{0BCE2886-4FB3-4B9F-924A-0A7975EF701A}.Release|Mixed Platforms.ActiveCfg = Release|Any CPU
		{0BCE2886-4FB3-4B9F-924A-0A7975EF701A}.Release|Mixed Platforms.Build.0 = Release|Any CPU
		{0BCE2886-4FB3-4B9F-924A-0A7975EF701A}.Release|x86.ActiveCfg = Release|Any CPU
		{2495424E-1415-478E-B9E5-4674BE08CAE8}.Debug|Any CPU.ActiveCfg = Debug|Any CPU
		{2495424E-1415-478E-B9E5-4674BE08CAE8}.Debug|Any CPU.Build.0 = Debug|Any CPU
		{2495424E-1415-478E-B9E5-4674BE08CAE8}.Debug|Mixed Platforms.ActiveCfg = Debug|Any CPU
		{2495424E-1415-478E-B9E5-4674BE08CAE8}.Debug|Mixed Platforms.Build.0 = Debug|Any CPU
		{2495424E-1415-478E-B9E5-4674BE08CAE8}.Debug|x86.ActiveCfg = Debug|Any CPU
		{2495424E-1415-478E-B9E5-4674BE08CAE8}.Release|Any CPU.ActiveCfg = Release|Any CPU
		{2495424E-1415-478E-B9E5-4674BE08CAE8}.Release|Any CPU.Build.0 = Release|Any CPU
		{2495424E-1415-478E-B9E5-4674BE08CAE8}.Release|Mixed Platforms.ActiveCfg = Release|Any CPU
		{2495424E-1415-478E-B9E5-4674BE08CAE8}.Release|Mixed Platforms.Build.0 = Release|Any CPU
		{2495424E-1415-478E-B9E5-4674BE08CAE8}.Release|x86.ActiveCfg = Release|Any CPU
		{FB681A2F-F2FB-4085-B1D0-D0B39D29677A}.Debug|Any CPU.ActiveCfg = Debug|Any CPU
		{FB681A2F-F2FB-4085-B1D0-D0B39D29677A}.Debug|Any CPU.Build.0 = Debug|Any CPU
		{FB681A2F-F2FB-4085-B1D0-D0B39D29677A}.Debug|Mixed Platforms.ActiveCfg = Debug|Any CPU
		{FB681A2F-F2FB-4085-B1D0-D0B39D29677A}.Debug|Mixed Platforms.Build.0 = Debug|Any CPU
		{FB681A2F-F2FB-4085-B1D0-D0B39D29677A}.Debug|x86.ActiveCfg = Debug|Any CPU
		{FB681A2F-F2FB-4085-B1D0-D0B39D29677A}.Release|Any CPU.ActiveCfg = Release|Any CPU
		{FB681A2F-F2FB-4085-B1D0-D0B39D29677A}.Release|Any CPU.Build.0 = Release|Any CPU
		{FB681A2F-F2FB-4085-B1D0-D0B39D29677A}.Release|Mixed Platforms.ActiveCfg = Release|Any CPU
		{FB681A2F-F2FB-4085-B1D0-D0B39D29677A}.Release|Mixed Platforms.Build.0 = Release|Any CPU
		{FB681A2F-F2FB-4085-B1D0-D0B39D29677A}.Release|x86.ActiveCfg = Release|Any CPU
		{11E766A1-ACF5-453B-AA82-9AB1D1C4E86A}.Debug|Any CPU.ActiveCfg = Debug|Any CPU
		{11E766A1-ACF5-453B-AA82-9AB1D1C4E86A}.Debug|Any CPU.Build.0 = Debug|Any CPU
		{11E766A1-ACF5-453B-AA82-9AB1D1C4E86A}.Debug|Mixed Platforms.ActiveCfg = Debug|Any CPU
		{11E766A1-ACF5-453B-AA82-9AB1D1C4E86A}.Debug|Mixed Platforms.Build.0 = Debug|Any CPU
		{11E766A1-ACF5-453B-AA82-9AB1D1C4E86A}.Debug|x86.ActiveCfg = Debug|Any CPU
		{11E766A1-ACF5-453B-AA82-9AB1D1C4E86A}.Release|Any CPU.ActiveCfg = Release|Any CPU
		{11E766A1-ACF5-453B-AA82-9AB1D1C4E86A}.Release|Any CPU.Build.0 = Release|Any CPU
		{11E766A1-ACF5-453B-AA82-9AB1D1C4E86A}.Release|Mixed Platforms.ActiveCfg = Release|Any CPU
		{11E766A1-ACF5-453B-AA82-9AB1D1C4E86A}.Release|Mixed Platforms.Build.0 = Release|Any CPU
		{11E766A1-ACF5-453B-AA82-9AB1D1C4E86A}.Release|x86.ActiveCfg = Release|Any CPU
		{E4EA091F-7F02-4255-9F52-6872E2588836}.Debug|Any CPU.ActiveCfg = Debug|Any CPU
		{E4EA091F-7F02-4255-9F52-6872E2588836}.Debug|Any CPU.Build.0 = Debug|Any CPU
		{E4EA091F-7F02-4255-9F52-6872E2588836}.Debug|Mixed Platforms.ActiveCfg = Debug|Any CPU
		{E4EA091F-7F02-4255-9F52-6872E2588836}.Debug|Mixed Platforms.Build.0 = Debug|Any CPU
		{E4EA091F-7F02-4255-9F52-6872E2588836}.Debug|x86.ActiveCfg = Debug|Any CPU
		{E4EA091F-7F02-4255-9F52-6872E2588836}.Release|Any CPU.ActiveCfg = Release|Any CPU
		{E4EA091F-7F02-4255-9F52-6872E2588836}.Release|Any CPU.Build.0 = Release|Any CPU
		{E4EA091F-7F02-4255-9F52-6872E2588836}.Release|Mixed Platforms.ActiveCfg = Release|Any CPU
		{E4EA091F-7F02-4255-9F52-6872E2588836}.Release|Mixed Platforms.Build.0 = Release|Any CPU
		{E4EA091F-7F02-4255-9F52-6872E2588836}.Release|x86.ActiveCfg = Release|Any CPU
		{03D02A23-9924-490B-9B76-15315EADC18B}.Debug|Any CPU.ActiveCfg = Debug|Any CPU
		{03D02A23-9924-490B-9B76-15315EADC18B}.Debug|Any CPU.Build.0 = Debug|Any CPU
		{03D02A23-9924-490B-9B76-15315EADC18B}.Debug|Mixed Platforms.ActiveCfg = Debug|Any CPU
		{03D02A23-9924-490B-9B76-15315EADC18B}.Debug|Mixed Platforms.Build.0 = Debug|Any CPU
		{03D02A23-9924-490B-9B76-15315EADC18B}.Debug|x86.ActiveCfg = Debug|Any CPU
		{03D02A23-9924-490B-9B76-15315EADC18B}.Release|Any CPU.ActiveCfg = Release|Any CPU
		{03D02A23-9924-490B-9B76-15315EADC18B}.Release|Any CPU.Build.0 = Release|Any CPU
		{03D02A23-9924-490B-9B76-15315EADC18B}.Release|Mixed Platforms.ActiveCfg = Release|Any CPU
		{03D02A23-9924-490B-9B76-15315EADC18B}.Release|Mixed Platforms.Build.0 = Release|Any CPU
		{03D02A23-9924-490B-9B76-15315EADC18B}.Release|x86.ActiveCfg = Release|Any CPU
		{91B38C53-C814-4878-9A7C-87E07465613A}.Debug|Any CPU.ActiveCfg = Debug|Any CPU
		{91B38C53-C814-4878-9A7C-87E07465613A}.Debug|Any CPU.Build.0 = Debug|Any CPU
		{91B38C53-C814-4878-9A7C-87E07465613A}.Debug|Mixed Platforms.ActiveCfg = Debug|Any CPU
		{91B38C53-C814-4878-9A7C-87E07465613A}.Debug|Mixed Platforms.Build.0 = Debug|Any CPU
		{91B38C53-C814-4878-9A7C-87E07465613A}.Debug|x86.ActiveCfg = Debug|Any CPU
		{91B38C53-C814-4878-9A7C-87E07465613A}.Release|Any CPU.ActiveCfg = Debug|Any CPU
		{91B38C53-C814-4878-9A7C-87E07465613A}.Release|Any CPU.Build.0 = Debug|Any CPU
		{91B38C53-C814-4878-9A7C-87E07465613A}.Release|Mixed Platforms.ActiveCfg = Debug|Any CPU
		{91B38C53-C814-4878-9A7C-87E07465613A}.Release|Mixed Platforms.Build.0 = Debug|Any CPU
		{91B38C53-C814-4878-9A7C-87E07465613A}.Release|x86.ActiveCfg = Debug|Any CPU
		{9A1C10A8-5CB7-4535-9610-E04D7137326B}.Debug|Any CPU.ActiveCfg = Debug|x86
		{9A1C10A8-5CB7-4535-9610-E04D7137326B}.Debug|Mixed Platforms.ActiveCfg = Debug|x86
		{9A1C10A8-5CB7-4535-9610-E04D7137326B}.Debug|Mixed Platforms.Build.0 = Debug|x86
		{9A1C10A8-5CB7-4535-9610-E04D7137326B}.Debug|x86.ActiveCfg = Debug|x86
		{9A1C10A8-5CB7-4535-9610-E04D7137326B}.Debug|x86.Build.0 = Debug|x86
		{9A1C10A8-5CB7-4535-9610-E04D7137326B}.Release|Any CPU.ActiveCfg = Release|x86
		{9A1C10A8-5CB7-4535-9610-E04D7137326B}.Release|Mixed Platforms.ActiveCfg = Release|x86
		{9A1C10A8-5CB7-4535-9610-E04D7137326B}.Release|Mixed Platforms.Build.0 = Release|x86
		{9A1C10A8-5CB7-4535-9610-E04D7137326B}.Release|x86.ActiveCfg = Release|x86
		{9A1C10A8-5CB7-4535-9610-E04D7137326B}.Release|x86.Build.0 = Release|x86
		{1B1C762D-905E-41CE-A3A3-4576F8DDDB5B}.Debug|Any CPU.ActiveCfg = Debug|x86
		{1B1C762D-905E-41CE-A3A3-4576F8DDDB5B}.Debug|Mixed Platforms.ActiveCfg = Debug|x86
		{1B1C762D-905E-41CE-A3A3-4576F8DDDB5B}.Debug|Mixed Platforms.Build.0 = Debug|x86
		{1B1C762D-905E-41CE-A3A3-4576F8DDDB5B}.Debug|x86.ActiveCfg = Debug|x86
		{1B1C762D-905E-41CE-A3A3-4576F8DDDB5B}.Debug|x86.Build.0 = Debug|x86
		{1B1C762D-905E-41CE-A3A3-4576F8DDDB5B}.Release|Any CPU.ActiveCfg = Release|x86
		{1B1C762D-905E-41CE-A3A3-4576F8DDDB5B}.Release|Mixed Platforms.ActiveCfg = Release|x86
		{1B1C762D-905E-41CE-A3A3-4576F8DDDB5B}.Release|Mixed Platforms.Build.0 = Release|x86
		{1B1C762D-905E-41CE-A3A3-4576F8DDDB5B}.Release|x86.ActiveCfg = Release|x86
		{1B1C762D-905E-41CE-A3A3-4576F8DDDB5B}.Release|x86.Build.0 = Release|x86
		{BC6D3125-2A56-4E96-8ED5-37F26D284934}.Debug|Any CPU.ActiveCfg = Debug|x86
		{BC6D3125-2A56-4E96-8ED5-37F26D284934}.Debug|Mixed Platforms.ActiveCfg = Debug|x86
		{BC6D3125-2A56-4E96-8ED5-37F26D284934}.Debug|Mixed Platforms.Build.0 = Debug|x86
		{BC6D3125-2A56-4E96-8ED5-37F26D284934}.Debug|x86.ActiveCfg = Debug|x86
		{BC6D3125-2A56-4E96-8ED5-37F26D284934}.Debug|x86.Build.0 = Debug|x86
		{BC6D3125-2A56-4E96-8ED5-37F26D284934}.Release|Any CPU.ActiveCfg = Release|x86
		{BC6D3125-2A56-4E96-8ED5-37F26D284934}.Release|Mixed Platforms.ActiveCfg = Release|x86
		{BC6D3125-2A56-4E96-8ED5-37F26D284934}.Release|Mixed Platforms.Build.0 = Release|x86
		{BC6D3125-2A56-4E96-8ED5-37F26D284934}.Release|x86.ActiveCfg = Release|x86
		{BC6D3125-2A56-4E96-8ED5-37F26D284934}.Release|x86.Build.0 = Release|x86
		{4414E679-EE22-4630-8D77-51405A90D261}.Debug|Any CPU.ActiveCfg = Debug|x86
		{4414E679-EE22-4630-8D77-51405A90D261}.Debug|Mixed Platforms.ActiveCfg = Debug|x86
		{4414E679-EE22-4630-8D77-51405A90D261}.Debug|Mixed Platforms.Build.0 = Debug|x86
		{4414E679-EE22-4630-8D77-51405A90D261}.Debug|x86.ActiveCfg = Debug|x86
		{4414E679-EE22-4630-8D77-51405A90D261}.Debug|x86.Build.0 = Debug|x86
		{4414E679-EE22-4630-8D77-51405A90D261}.Release|Any CPU.ActiveCfg = Release|x86
		{4414E679-EE22-4630-8D77-51405A90D261}.Release|Mixed Platforms.ActiveCfg = Release|x86
		{4414E679-EE22-4630-8D77-51405A90D261}.Release|Mixed Platforms.Build.0 = Release|x86
		{4414E679-EE22-4630-8D77-51405A90D261}.Release|x86.ActiveCfg = Release|x86
		{4414E679-EE22-4630-8D77-51405A90D261}.Release|x86.Build.0 = Release|x86
		{1FF79A58-4B13-4A6A-B8D8-BCAD3979043E}.Debug|Any CPU.ActiveCfg = Debug|Any CPU
		{1FF79A58-4B13-4A6A-B8D8-BCAD3979043E}.Debug|Any CPU.Build.0 = Debug|Any CPU
		{1FF79A58-4B13-4A6A-B8D8-BCAD3979043E}.Debug|Mixed Platforms.ActiveCfg = Debug|Any CPU
		{1FF79A58-4B13-4A6A-B8D8-BCAD3979043E}.Debug|Mixed Platforms.Build.0 = Debug|Any CPU
		{1FF79A58-4B13-4A6A-B8D8-BCAD3979043E}.Debug|x86.ActiveCfg = Debug|Any CPU
		{1FF79A58-4B13-4A6A-B8D8-BCAD3979043E}.Release|Any CPU.ActiveCfg = Release|Any CPU
		{1FF79A58-4B13-4A6A-B8D8-BCAD3979043E}.Release|Any CPU.Build.0 = Release|Any CPU
		{1FF79A58-4B13-4A6A-B8D8-BCAD3979043E}.Release|Mixed Platforms.ActiveCfg = Release|Any CPU
		{1FF79A58-4B13-4A6A-B8D8-BCAD3979043E}.Release|Mixed Platforms.Build.0 = Release|Any CPU
		{1FF79A58-4B13-4A6A-B8D8-BCAD3979043E}.Release|x86.ActiveCfg = Release|Any CPU
		{877FEE03-5B57-4BF5-A7BF-B3997BAE6BB9}.Debug|Any CPU.ActiveCfg = Debug|Any CPU
		{877FEE03-5B57-4BF5-A7BF-B3997BAE6BB9}.Debug|Any CPU.Build.0 = Debug|Any CPU
		{877FEE03-5B57-4BF5-A7BF-B3997BAE6BB9}.Debug|Mixed Platforms.ActiveCfg = Debug|Any CPU
		{877FEE03-5B57-4BF5-A7BF-B3997BAE6BB9}.Debug|Mixed Platforms.Build.0 = Debug|Any CPU
		{877FEE03-5B57-4BF5-A7BF-B3997BAE6BB9}.Debug|x86.ActiveCfg = Debug|Any CPU
		{877FEE03-5B57-4BF5-A7BF-B3997BAE6BB9}.Release|Any CPU.ActiveCfg = Release|Any CPU
		{877FEE03-5B57-4BF5-A7BF-B3997BAE6BB9}.Release|Any CPU.Build.0 = Release|Any CPU
		{877FEE03-5B57-4BF5-A7BF-B3997BAE6BB9}.Release|Mixed Platforms.ActiveCfg = Release|Any CPU
		{877FEE03-5B57-4BF5-A7BF-B3997BAE6BB9}.Release|Mixed Platforms.Build.0 = Release|Any CPU
		{877FEE03-5B57-4BF5-A7BF-B3997BAE6BB9}.Release|x86.ActiveCfg = Release|Any CPU
		{6202E0C8-B4F6-4AA4-832A-564C88A3FD24}.Debug|Any CPU.ActiveCfg = Debug|x86
		{6202E0C8-B4F6-4AA4-832A-564C88A3FD24}.Debug|Mixed Platforms.ActiveCfg = Debug|x86
		{6202E0C8-B4F6-4AA4-832A-564C88A3FD24}.Debug|Mixed Platforms.Build.0 = Debug|x86
		{6202E0C8-B4F6-4AA4-832A-564C88A3FD24}.Debug|x86.ActiveCfg = Debug|x86
		{6202E0C8-B4F6-4AA4-832A-564C88A3FD24}.Debug|x86.Build.0 = Debug|x86
		{6202E0C8-B4F6-4AA4-832A-564C88A3FD24}.Release|Any CPU.ActiveCfg = Release|x86
		{6202E0C8-B4F6-4AA4-832A-564C88A3FD24}.Release|Mixed Platforms.ActiveCfg = Release|x86
		{6202E0C8-B4F6-4AA4-832A-564C88A3FD24}.Release|Mixed Platforms.Build.0 = Release|x86
		{6202E0C8-B4F6-4AA4-832A-564C88A3FD24}.Release|x86.ActiveCfg = Release|x86
		{6202E0C8-B4F6-4AA4-832A-564C88A3FD24}.Release|x86.Build.0 = Release|x86
		{5AD80C17-EB97-4209-A3F0-A76BCA223800}.Debug|Any CPU.ActiveCfg = Debug|Any CPU
		{5AD80C17-EB97-4209-A3F0-A76BCA223800}.Debug|Any CPU.Build.0 = Debug|Any CPU
		{5AD80C17-EB97-4209-A3F0-A76BCA223800}.Debug|Mixed Platforms.ActiveCfg = Debug|Any CPU
		{5AD80C17-EB97-4209-A3F0-A76BCA223800}.Debug|Mixed Platforms.Build.0 = Debug|Any CPU
		{5AD80C17-EB97-4209-A3F0-A76BCA223800}.Debug|x86.ActiveCfg = Debug|Any CPU
		{5AD80C17-EB97-4209-A3F0-A76BCA223800}.Release|Any CPU.ActiveCfg = Release|Any CPU
		{5AD80C17-EB97-4209-A3F0-A76BCA223800}.Release|Any CPU.Build.0 = Release|Any CPU
		{5AD80C17-EB97-4209-A3F0-A76BCA223800}.Release|Mixed Platforms.ActiveCfg = Release|Any CPU
		{5AD80C17-EB97-4209-A3F0-A76BCA223800}.Release|Mixed Platforms.Build.0 = Release|Any CPU
		{5AD80C17-EB97-4209-A3F0-A76BCA223800}.Release|x86.ActiveCfg = Release|Any CPU
		{CA221D9F-EA95-491C-A95E-D1CDA8468101}.Debug|Any CPU.ActiveCfg = Debug|x86
		{CA221D9F-EA95-491C-A95E-D1CDA8468101}.Debug|Mixed Platforms.ActiveCfg = Debug|x86
		{CA221D9F-EA95-491C-A95E-D1CDA8468101}.Debug|Mixed Platforms.Build.0 = Debug|x86
		{CA221D9F-EA95-491C-A95E-D1CDA8468101}.Debug|x86.ActiveCfg = Debug|x86
		{CA221D9F-EA95-491C-A95E-D1CDA8468101}.Debug|x86.Build.0 = Debug|x86
		{CA221D9F-EA95-491C-A95E-D1CDA8468101}.Release|Any CPU.ActiveCfg = Release|x86
		{CA221D9F-EA95-491C-A95E-D1CDA8468101}.Release|Mixed Platforms.ActiveCfg = Release|x86
		{CA221D9F-EA95-491C-A95E-D1CDA8468101}.Release|Mixed Platforms.Build.0 = Release|x86
		{CA221D9F-EA95-491C-A95E-D1CDA8468101}.Release|x86.ActiveCfg = Release|x86
		{CA221D9F-EA95-491C-A95E-D1CDA8468101}.Release|x86.Build.0 = Release|x86
		{D4BC98A0-3A77-46D6-A91D-B630F3BBCE06}.Debug|Any CPU.ActiveCfg = Debug|Any CPU
		{D4BC98A0-3A77-46D6-A91D-B630F3BBCE06}.Debug|Any CPU.Build.0 = Debug|Any CPU
		{D4BC98A0-3A77-46D6-A91D-B630F3BBCE06}.Debug|Mixed Platforms.ActiveCfg = Debug|Any CPU
		{D4BC98A0-3A77-46D6-A91D-B630F3BBCE06}.Debug|Mixed Platforms.Build.0 = Debug|Any CPU
		{D4BC98A0-3A77-46D6-A91D-B630F3BBCE06}.Debug|x86.ActiveCfg = Debug|Any CPU
		{D4BC98A0-3A77-46D6-A91D-B630F3BBCE06}.Release|Any CPU.ActiveCfg = Release|Any CPU
		{D4BC98A0-3A77-46D6-A91D-B630F3BBCE06}.Release|Any CPU.Build.0 = Release|Any CPU
		{D4BC98A0-3A77-46D6-A91D-B630F3BBCE06}.Release|Mixed Platforms.ActiveCfg = Release|Any CPU
		{D4BC98A0-3A77-46D6-A91D-B630F3BBCE06}.Release|Mixed Platforms.Build.0 = Release|Any CPU
		{D4BC98A0-3A77-46D6-A91D-B630F3BBCE06}.Release|x86.ActiveCfg = Release|Any CPU
		{9C08AC15-9965-4F6E-BFD8-C37BDA1EE845}.Debug|Any CPU.ActiveCfg = Debug|Any CPU
		{9C08AC15-9965-4F6E-BFD8-C37BDA1EE845}.Debug|Any CPU.Build.0 = Debug|Any CPU
		{9C08AC15-9965-4F6E-BFD8-C37BDA1EE845}.Debug|Mixed Platforms.ActiveCfg = Debug|Any CPU
		{9C08AC15-9965-4F6E-BFD8-C37BDA1EE845}.Debug|Mixed Platforms.Build.0 = Debug|Any CPU
		{9C08AC15-9965-4F6E-BFD8-C37BDA1EE845}.Debug|x86.ActiveCfg = Debug|Any CPU
		{9C08AC15-9965-4F6E-BFD8-C37BDA1EE845}.Release|Any CPU.ActiveCfg = Release|Any CPU
		{9C08AC15-9965-4F6E-BFD8-C37BDA1EE845}.Release|Any CPU.Build.0 = Release|Any CPU
		{9C08AC15-9965-4F6E-BFD8-C37BDA1EE845}.Release|Mixed Platforms.ActiveCfg = Release|Any CPU
		{9C08AC15-9965-4F6E-BFD8-C37BDA1EE845}.Release|Mixed Platforms.Build.0 = Release|Any CPU
		{9C08AC15-9965-4F6E-BFD8-C37BDA1EE845}.Release|x86.ActiveCfg = Release|Any CPU
		{176B6638-05E0-4D84-B6B7-86EA35B054F2}.Debug|Any CPU.ActiveCfg = Debug|Any CPU
		{176B6638-05E0-4D84-B6B7-86EA35B054F2}.Debug|Any CPU.Build.0 = Debug|Any CPU
		{176B6638-05E0-4D84-B6B7-86EA35B054F2}.Debug|Mixed Platforms.ActiveCfg = Debug|Any CPU
		{176B6638-05E0-4D84-B6B7-86EA35B054F2}.Debug|Mixed Platforms.Build.0 = Debug|Any CPU
		{176B6638-05E0-4D84-B6B7-86EA35B054F2}.Debug|x86.ActiveCfg = Debug|Any CPU
		{176B6638-05E0-4D84-B6B7-86EA35B054F2}.Release|Any CPU.ActiveCfg = Release|Any CPU
		{176B6638-05E0-4D84-B6B7-86EA35B054F2}.Release|Any CPU.Build.0 = Release|Any CPU
		{176B6638-05E0-4D84-B6B7-86EA35B054F2}.Release|Mixed Platforms.ActiveCfg = Release|Any CPU
		{176B6638-05E0-4D84-B6B7-86EA35B054F2}.Release|Mixed Platforms.Build.0 = Release|Any CPU
		{176B6638-05E0-4D84-B6B7-86EA35B054F2}.Release|x86.ActiveCfg = Release|Any CPU
		{97978956-55F1-41F4-BD90-75AF372C339C}.Debug|Any CPU.ActiveCfg = Debug|x86
		{97978956-55F1-41F4-BD90-75AF372C339C}.Debug|Mixed Platforms.ActiveCfg = Debug|x86
		{97978956-55F1-41F4-BD90-75AF372C339C}.Debug|Mixed Platforms.Build.0 = Debug|x86
		{97978956-55F1-41F4-BD90-75AF372C339C}.Debug|x86.ActiveCfg = Debug|x86
		{97978956-55F1-41F4-BD90-75AF372C339C}.Debug|x86.Build.0 = Debug|x86
		{97978956-55F1-41F4-BD90-75AF372C339C}.Release|Any CPU.ActiveCfg = Release|x86
		{97978956-55F1-41F4-BD90-75AF372C339C}.Release|Mixed Platforms.ActiveCfg = Release|x86
		{97978956-55F1-41F4-BD90-75AF372C339C}.Release|Mixed Platforms.Build.0 = Release|x86
		{97978956-55F1-41F4-BD90-75AF372C339C}.Release|x86.ActiveCfg = Release|x86
		{97978956-55F1-41F4-BD90-75AF372C339C}.Release|x86.Build.0 = Release|x86
		{7647A48C-0A33-4210-9EB5-6D5E485ECC81}.Debug|Any CPU.ActiveCfg = Debug|Any CPU
		{7647A48C-0A33-4210-9EB5-6D5E485ECC81}.Debug|Any CPU.Build.0 = Debug|Any CPU
		{7647A48C-0A33-4210-9EB5-6D5E485ECC81}.Debug|Mixed Platforms.ActiveCfg = Debug|Any CPU
		{7647A48C-0A33-4210-9EB5-6D5E485ECC81}.Debug|Mixed Platforms.Build.0 = Debug|Any CPU
		{7647A48C-0A33-4210-9EB5-6D5E485ECC81}.Debug|x86.ActiveCfg = Debug|Any CPU
		{7647A48C-0A33-4210-9EB5-6D5E485ECC81}.Release|Any CPU.ActiveCfg = Release|Any CPU
		{7647A48C-0A33-4210-9EB5-6D5E485ECC81}.Release|Any CPU.Build.0 = Release|Any CPU
		{7647A48C-0A33-4210-9EB5-6D5E485ECC81}.Release|Mixed Platforms.ActiveCfg = Release|Any CPU
		{7647A48C-0A33-4210-9EB5-6D5E485ECC81}.Release|Mixed Platforms.Build.0 = Release|Any CPU
		{7647A48C-0A33-4210-9EB5-6D5E485ECC81}.Release|x86.ActiveCfg = Release|Any CPU
		{5844CBA9-FCCB-4D7A-ACEE-9C33AA11C996}.Debug|Any CPU.ActiveCfg = Debug|x86
		{5844CBA9-FCCB-4D7A-ACEE-9C33AA11C996}.Debug|Mixed Platforms.ActiveCfg = Debug|x86
		{5844CBA9-FCCB-4D7A-ACEE-9C33AA11C996}.Debug|Mixed Platforms.Build.0 = Debug|x86
		{5844CBA9-FCCB-4D7A-ACEE-9C33AA11C996}.Debug|x86.ActiveCfg = Debug|x86
		{5844CBA9-FCCB-4D7A-ACEE-9C33AA11C996}.Debug|x86.Build.0 = Debug|x86
		{5844CBA9-FCCB-4D7A-ACEE-9C33AA11C996}.Release|Any CPU.ActiveCfg = Release|x86
		{5844CBA9-FCCB-4D7A-ACEE-9C33AA11C996}.Release|Mixed Platforms.ActiveCfg = Release|x86
		{5844CBA9-FCCB-4D7A-ACEE-9C33AA11C996}.Release|Mixed Platforms.Build.0 = Release|x86
		{5844CBA9-FCCB-4D7A-ACEE-9C33AA11C996}.Release|x86.ActiveCfg = Release|x86
		{5844CBA9-FCCB-4D7A-ACEE-9C33AA11C996}.Release|x86.Build.0 = Release|x86
		{09C9CD08-DB98-41A5-AE44-D581138C88D2}.Debug|Any CPU.ActiveCfg = Debug|Any CPU
		{09C9CD08-DB98-41A5-AE44-D581138C88D2}.Debug|Any CPU.Build.0 = Debug|Any CPU
		{09C9CD08-DB98-41A5-AE44-D581138C88D2}.Debug|Mixed Platforms.ActiveCfg = Debug|Any CPU
		{09C9CD08-DB98-41A5-AE44-D581138C88D2}.Debug|Mixed Platforms.Build.0 = Debug|Any CPU
		{09C9CD08-DB98-41A5-AE44-D581138C88D2}.Debug|x86.ActiveCfg = Debug|Any CPU
		{09C9CD08-DB98-41A5-AE44-D581138C88D2}.Release|Any CPU.ActiveCfg = Release|Any CPU
		{09C9CD08-DB98-41A5-AE44-D581138C88D2}.Release|Any CPU.Build.0 = Release|Any CPU
		{09C9CD08-DB98-41A5-AE44-D581138C88D2}.Release|Mixed Platforms.ActiveCfg = Release|Any CPU
		{09C9CD08-DB98-41A5-AE44-D581138C88D2}.Release|Mixed Platforms.Build.0 = Release|Any CPU
		{09C9CD08-DB98-41A5-AE44-D581138C88D2}.Release|x86.ActiveCfg = Release|Any CPU
		{A1380A80-DC86-46AE-89C6-31FE11E16FB6}.Debug|Any CPU.ActiveCfg = Debug|Any CPU
		{A1380A80-DC86-46AE-89C6-31FE11E16FB6}.Debug|Any CPU.Build.0 = Debug|Any CPU
		{A1380A80-DC86-46AE-89C6-31FE11E16FB6}.Debug|Mixed Platforms.ActiveCfg = Debug|Any CPU
		{A1380A80-DC86-46AE-89C6-31FE11E16FB6}.Debug|Mixed Platforms.Build.0 = Debug|Any CPU
		{A1380A80-DC86-46AE-89C6-31FE11E16FB6}.Debug|x86.ActiveCfg = Debug|Any CPU
		{A1380A80-DC86-46AE-89C6-31FE11E16FB6}.Release|Any CPU.ActiveCfg = Release|Any CPU
		{A1380A80-DC86-46AE-89C6-31FE11E16FB6}.Release|Any CPU.Build.0 = Release|Any CPU
		{A1380A80-DC86-46AE-89C6-31FE11E16FB6}.Release|Mixed Platforms.ActiveCfg = Release|Any CPU
		{A1380A80-DC86-46AE-89C6-31FE11E16FB6}.Release|Mixed Platforms.Build.0 = Release|Any CPU
		{A1380A80-DC86-46AE-89C6-31FE11E16FB6}.Release|x86.ActiveCfg = Release|Any CPU
		{D7BA6901-69E9-47BA-B52D-2D7D08420246}.Debug|Any CPU.ActiveCfg = Debug|Any CPU
		{D7BA6901-69E9-47BA-B52D-2D7D08420246}.Debug|Any CPU.Build.0 = Debug|Any CPU
		{D7BA6901-69E9-47BA-B52D-2D7D08420246}.Debug|Mixed Platforms.ActiveCfg = Debug|Any CPU
		{D7BA6901-69E9-47BA-B52D-2D7D08420246}.Debug|Mixed Platforms.Build.0 = Debug|Any CPU
		{D7BA6901-69E9-47BA-B52D-2D7D08420246}.Debug|x86.ActiveCfg = Debug|Any CPU
		{D7BA6901-69E9-47BA-B52D-2D7D08420246}.Release|Any CPU.ActiveCfg = Release|Any CPU
		{D7BA6901-69E9-47BA-B52D-2D7D08420246}.Release|Any CPU.Build.0 = Release|Any CPU
		{D7BA6901-69E9-47BA-B52D-2D7D08420246}.Release|Mixed Platforms.ActiveCfg = Release|Any CPU
		{D7BA6901-69E9-47BA-B52D-2D7D08420246}.Release|Mixed Platforms.Build.0 = Release|Any CPU
		{D7BA6901-69E9-47BA-B52D-2D7D08420246}.Release|x86.ActiveCfg = Release|Any CPU
		{6C3A90BD-9A96-446B-86C2-079D728F65C7}.Debug|Any CPU.ActiveCfg = Debug|Any CPU
		{6C3A90BD-9A96-446B-86C2-079D728F65C7}.Debug|Any CPU.Build.0 = Debug|Any CPU
		{6C3A90BD-9A96-446B-86C2-079D728F65C7}.Debug|Mixed Platforms.ActiveCfg = Debug|Any CPU
		{6C3A90BD-9A96-446B-86C2-079D728F65C7}.Debug|Mixed Platforms.Build.0 = Debug|Any CPU
		{6C3A90BD-9A96-446B-86C2-079D728F65C7}.Debug|x86.ActiveCfg = Debug|Any CPU
		{6C3A90BD-9A96-446B-86C2-079D728F65C7}.Release|Any CPU.ActiveCfg = Release|Any CPU
		{6C3A90BD-9A96-446B-86C2-079D728F65C7}.Release|Any CPU.Build.0 = Release|Any CPU
		{6C3A90BD-9A96-446B-86C2-079D728F65C7}.Release|Mixed Platforms.ActiveCfg = Release|Any CPU
		{6C3A90BD-9A96-446B-86C2-079D728F65C7}.Release|Mixed Platforms.Build.0 = Release|Any CPU
		{6C3A90BD-9A96-446B-86C2-079D728F65C7}.Release|x86.ActiveCfg = Release|Any CPU
		{14FFF597-5294-4DD4-8373-923B270D7D37}.Debug|Any CPU.ActiveCfg = Debug|Any CPU
		{14FFF597-5294-4DD4-8373-923B270D7D37}.Debug|Any CPU.Build.0 = Debug|Any CPU
		{14FFF597-5294-4DD4-8373-923B270D7D37}.Debug|Mixed Platforms.ActiveCfg = Debug|Any CPU
		{14FFF597-5294-4DD4-8373-923B270D7D37}.Debug|Mixed Platforms.Build.0 = Debug|Any CPU
		{14FFF597-5294-4DD4-8373-923B270D7D37}.Debug|x86.ActiveCfg = Debug|Any CPU
		{14FFF597-5294-4DD4-8373-923B270D7D37}.Release|Any CPU.ActiveCfg = Release|Any CPU
		{14FFF597-5294-4DD4-8373-923B270D7D37}.Release|Any CPU.Build.0 = Release|Any CPU
		{14FFF597-5294-4DD4-8373-923B270D7D37}.Release|Mixed Platforms.ActiveCfg = Release|Any CPU
		{14FFF597-5294-4DD4-8373-923B270D7D37}.Release|Mixed Platforms.Build.0 = Release|Any CPU
		{14FFF597-5294-4DD4-8373-923B270D7D37}.Release|x86.ActiveCfg = Release|Any CPU
		{ACA46F02-5B48-4520-8CB2-3CA01F19B498}.Debug|Any CPU.ActiveCfg = Debug|Any CPU
		{ACA46F02-5B48-4520-8CB2-3CA01F19B498}.Debug|Any CPU.Build.0 = Debug|Any CPU
		{ACA46F02-5B48-4520-8CB2-3CA01F19B498}.Debug|Mixed Platforms.ActiveCfg = Debug|Any CPU
		{ACA46F02-5B48-4520-8CB2-3CA01F19B498}.Debug|Mixed Platforms.Build.0 = Debug|Any CPU
		{ACA46F02-5B48-4520-8CB2-3CA01F19B498}.Debug|x86.ActiveCfg = Debug|Any CPU
		{ACA46F02-5B48-4520-8CB2-3CA01F19B498}.Release|Any CPU.ActiveCfg = Release|Any CPU
		{ACA46F02-5B48-4520-8CB2-3CA01F19B498}.Release|Any CPU.Build.0 = Release|Any CPU
		{ACA46F02-5B48-4520-8CB2-3CA01F19B498}.Release|Mixed Platforms.ActiveCfg = Release|Any CPU
		{ACA46F02-5B48-4520-8CB2-3CA01F19B498}.Release|Mixed Platforms.Build.0 = Release|Any CPU
		{ACA46F02-5B48-4520-8CB2-3CA01F19B498}.Release|x86.ActiveCfg = Release|Any CPU
		{4FBF2FFB-A763-4D3F-BBE9-ED7C4619696D}.Debug|Any CPU.ActiveCfg = Debug|Any CPU
		{4FBF2FFB-A763-4D3F-BBE9-ED7C4619696D}.Debug|Any CPU.Build.0 = Debug|Any CPU
		{4FBF2FFB-A763-4D3F-BBE9-ED7C4619696D}.Debug|Mixed Platforms.ActiveCfg = Debug|Any CPU
		{4FBF2FFB-A763-4D3F-BBE9-ED7C4619696D}.Debug|Mixed Platforms.Build.0 = Debug|Any CPU
		{4FBF2FFB-A763-4D3F-BBE9-ED7C4619696D}.Debug|x86.ActiveCfg = Debug|Any CPU
		{4FBF2FFB-A763-4D3F-BBE9-ED7C4619696D}.Release|Any CPU.ActiveCfg = Release|Any CPU
		{4FBF2FFB-A763-4D3F-BBE9-ED7C4619696D}.Release|Any CPU.Build.0 = Release|Any CPU
		{4FBF2FFB-A763-4D3F-BBE9-ED7C4619696D}.Release|Mixed Platforms.ActiveCfg = Release|Any CPU
		{4FBF2FFB-A763-4D3F-BBE9-ED7C4619696D}.Release|Mixed Platforms.Build.0 = Release|Any CPU
		{4FBF2FFB-A763-4D3F-BBE9-ED7C4619696D}.Release|x86.ActiveCfg = Release|Any CPU
		{1C6E6F93-515A-4C9B-A577-046D2BC8F486}.Debug|Any CPU.ActiveCfg = Debug|Any CPU
		{1C6E6F93-515A-4C9B-A577-046D2BC8F486}.Debug|Any CPU.Build.0 = Debug|Any CPU
		{1C6E6F93-515A-4C9B-A577-046D2BC8F486}.Debug|Mixed Platforms.ActiveCfg = Debug|Any CPU
		{1C6E6F93-515A-4C9B-A577-046D2BC8F486}.Debug|Mixed Platforms.Build.0 = Debug|Any CPU
		{1C6E6F93-515A-4C9B-A577-046D2BC8F486}.Debug|x86.ActiveCfg = Debug|Any CPU
		{1C6E6F93-515A-4C9B-A577-046D2BC8F486}.Release|Any CPU.ActiveCfg = Release|Any CPU
		{1C6E6F93-515A-4C9B-A577-046D2BC8F486}.Release|Any CPU.Build.0 = Release|Any CPU
		{1C6E6F93-515A-4C9B-A577-046D2BC8F486}.Release|Mixed Platforms.ActiveCfg = Release|Any CPU
		{1C6E6F93-515A-4C9B-A577-046D2BC8F486}.Release|Mixed Platforms.Build.0 = Release|Any CPU
		{1C6E6F93-515A-4C9B-A577-046D2BC8F486}.Release|x86.ActiveCfg = Release|Any CPU
		{902711A1-8E1E-4F60-AD34-1DC3E4BE35E3}.Debug|Any CPU.ActiveCfg = Debug|Any CPU
		{902711A1-8E1E-4F60-AD34-1DC3E4BE35E3}.Debug|Any CPU.Build.0 = Debug|Any CPU
		{902711A1-8E1E-4F60-AD34-1DC3E4BE35E3}.Debug|Mixed Platforms.ActiveCfg = Debug|Any CPU
		{902711A1-8E1E-4F60-AD34-1DC3E4BE35E3}.Debug|Mixed Platforms.Build.0 = Debug|Any CPU
		{902711A1-8E1E-4F60-AD34-1DC3E4BE35E3}.Debug|x86.ActiveCfg = Debug|Any CPU
		{902711A1-8E1E-4F60-AD34-1DC3E4BE35E3}.Release|Any CPU.ActiveCfg = Release|Any CPU
		{902711A1-8E1E-4F60-AD34-1DC3E4BE35E3}.Release|Any CPU.Build.0 = Release|Any CPU
		{902711A1-8E1E-4F60-AD34-1DC3E4BE35E3}.Release|Mixed Platforms.ActiveCfg = Release|Any CPU
		{902711A1-8E1E-4F60-AD34-1DC3E4BE35E3}.Release|Mixed Platforms.Build.0 = Release|Any CPU
		{902711A1-8E1E-4F60-AD34-1DC3E4BE35E3}.Release|x86.ActiveCfg = Release|Any CPU
		{72138203-6EDC-4E36-9F30-DD78D115DFE1}.Debug|Any CPU.ActiveCfg = Debug|Any CPU
		{72138203-6EDC-4E36-9F30-DD78D115DFE1}.Debug|Any CPU.Build.0 = Debug|Any CPU
		{72138203-6EDC-4E36-9F30-DD78D115DFE1}.Debug|Mixed Platforms.ActiveCfg = Debug|Any CPU
		{72138203-6EDC-4E36-9F30-DD78D115DFE1}.Debug|Mixed Platforms.Build.0 = Debug|Any CPU
		{72138203-6EDC-4E36-9F30-DD78D115DFE1}.Debug|x86.ActiveCfg = Debug|Any CPU
		{72138203-6EDC-4E36-9F30-DD78D115DFE1}.Release|Any CPU.ActiveCfg = Release|Any CPU
		{72138203-6EDC-4E36-9F30-DD78D115DFE1}.Release|Any CPU.Build.0 = Release|Any CPU
		{72138203-6EDC-4E36-9F30-DD78D115DFE1}.Release|Mixed Platforms.ActiveCfg = Release|Any CPU
		{72138203-6EDC-4E36-9F30-DD78D115DFE1}.Release|Mixed Platforms.Build.0 = Release|Any CPU
		{72138203-6EDC-4E36-9F30-DD78D115DFE1}.Release|x86.ActiveCfg = Release|Any CPU
		{0A0E8766-FAD6-4E67-ACEC-8D76ABFA7822}.Debug|Any CPU.ActiveCfg = Debug|Any CPU
		{0A0E8766-FAD6-4E67-ACEC-8D76ABFA7822}.Debug|Any CPU.Build.0 = Debug|Any CPU
		{0A0E8766-FAD6-4E67-ACEC-8D76ABFA7822}.Debug|Mixed Platforms.ActiveCfg = Debug|Any CPU
		{0A0E8766-FAD6-4E67-ACEC-8D76ABFA7822}.Debug|Mixed Platforms.Build.0 = Debug|Any CPU
		{0A0E8766-FAD6-4E67-ACEC-8D76ABFA7822}.Debug|x86.ActiveCfg = Debug|Any CPU
		{0A0E8766-FAD6-4E67-ACEC-8D76ABFA7822}.Release|Any CPU.ActiveCfg = Release|Any CPU
		{0A0E8766-FAD6-4E67-ACEC-8D76ABFA7822}.Release|Any CPU.Build.0 = Release|Any CPU
		{0A0E8766-FAD6-4E67-ACEC-8D76ABFA7822}.Release|Mixed Platforms.ActiveCfg = Release|Any CPU
		{0A0E8766-FAD6-4E67-ACEC-8D76ABFA7822}.Release|Mixed Platforms.Build.0 = Release|Any CPU
		{0A0E8766-FAD6-4E67-ACEC-8D76ABFA7822}.Release|x86.ActiveCfg = Release|Any CPU
		{67211FA7-FE08-45C3-9BD1-D06F3D389951}.Debug|Any CPU.ActiveCfg = Debug|Any CPU
		{67211FA7-FE08-45C3-9BD1-D06F3D389951}.Debug|Any CPU.Build.0 = Debug|Any CPU
		{67211FA7-FE08-45C3-9BD1-D06F3D389951}.Debug|Mixed Platforms.ActiveCfg = Debug|Any CPU
		{67211FA7-FE08-45C3-9BD1-D06F3D389951}.Debug|Mixed Platforms.Build.0 = Debug|Any CPU
		{67211FA7-FE08-45C3-9BD1-D06F3D389951}.Debug|x86.ActiveCfg = Debug|Any CPU
		{67211FA7-FE08-45C3-9BD1-D06F3D389951}.Release|Any CPU.ActiveCfg = Release|Any CPU
		{67211FA7-FE08-45C3-9BD1-D06F3D389951}.Release|Any CPU.Build.0 = Release|Any CPU
		{67211FA7-FE08-45C3-9BD1-D06F3D389951}.Release|Mixed Platforms.ActiveCfg = Release|Any CPU
		{67211FA7-FE08-45C3-9BD1-D06F3D389951}.Release|Mixed Platforms.Build.0 = Release|Any CPU
		{67211FA7-FE08-45C3-9BD1-D06F3D389951}.Release|x86.ActiveCfg = Release|Any CPU
	EndGlobalSection
	GlobalSection(SolutionProperties) = preSolution
		HideSolutionNode = FALSE
	EndGlobalSection
	GlobalSection(NestedProjects) = preSolution
		{735BB0E9-6780-4F73-BC74-A80427B5D6E1} = {418D4BBB-8E3E-42DB-8DE4-8DA1D9BB5101}
		{E5043BE8-9C77-4DD8-A3BA-83CC5CB3B51E} = {418D4BBB-8E3E-42DB-8DE4-8DA1D9BB5101}
		{8E980992-E84B-47AE-8337-8E901D1C4C32} = {418D4BBB-8E3E-42DB-8DE4-8DA1D9BB5101}
		{C3B5B163-D232-4511-BC56-7A64DF748A82} = {418D4BBB-8E3E-42DB-8DE4-8DA1D9BB5101}
		{86A6DFF2-4534-4DE5-A9D4-FC94CE612925} = {418D4BBB-8E3E-42DB-8DE4-8DA1D9BB5101}
		{63BF05F9-30C5-4868-83A3-F8172C16BFE0} = {418D4BBB-8E3E-42DB-8DE4-8DA1D9BB5101}
		{0E1852AB-677F-43BC-9EBC-DF3400754CBA} = {418D4BBB-8E3E-42DB-8DE4-8DA1D9BB5101}
		{BF86659C-D45A-4B08-83C7-A04E354737A5} = {418D4BBB-8E3E-42DB-8DE4-8DA1D9BB5101}
		{3FB0D85E-310E-499C-ADE8-06A591C25531} = {418D4BBB-8E3E-42DB-8DE4-8DA1D9BB5101}
		{C366CF00-7910-406F-B0D1-484CE8E9F9B2} = {418D4BBB-8E3E-42DB-8DE4-8DA1D9BB5101}
		{24C883EF-4260-4923-BD83-B92D84E70A39} = {735BB0E9-6780-4F73-BC74-A80427B5D6E1}
		{25FE450A-EF83-48B6-8A2E-294C1A97410D} = {735BB0E9-6780-4F73-BC74-A80427B5D6E1}
		{9B82C04B-D84A-4BA1-8412-B8924F639BBD} = {735BB0E9-6780-4F73-BC74-A80427B5D6E1}
		{35FD171E-DE60-4E34-9A35-E33C3BA8C02F} = {735BB0E9-6780-4F73-BC74-A80427B5D6E1}
		{33FE11D3-2810-4432-B64C-B16935BB47CD} = {735BB0E9-6780-4F73-BC74-A80427B5D6E1}
		{AE41152B-69DA-4F04-BBD9-4E3927EA9552} = {735BB0E9-6780-4F73-BC74-A80427B5D6E1}
		{6F85C222-1CD2-44D4-8D06-22F557D4CF04} = {E5043BE8-9C77-4DD8-A3BA-83CC5CB3B51E}
		{9A1C10A8-5CB7-4535-9610-E04D7137326B} = {E5043BE8-9C77-4DD8-A3BA-83CC5CB3B51E}
		{1B1C762D-905E-41CE-A3A3-4576F8DDDB5B} = {E5043BE8-9C77-4DD8-A3BA-83CC5CB3B51E}
		{47672612-8AA3-4729-A210-4F30E3FB39E4} = {8E980992-E84B-47AE-8337-8E901D1C4C32}
		{BC6D3125-2A56-4E96-8ED5-37F26D284934} = {8E980992-E84B-47AE-8337-8E901D1C4C32}
		{03D02A23-9924-490B-9B76-15315EADC18B} = {C3B5B163-D232-4511-BC56-7A64DF748A82}
		{6DCCD187-4EF8-4E2D-A06F-D0647D62AB1D} = {24C883EF-4260-4923-BD83-B92D84E70A39}
		{67114374-9743-4E0E-8368-6117E6C62184} = {24C883EF-4260-4923-BD83-B92D84E70A39}
		{0BCE2886-4FB3-4B9F-924A-0A7975EF701A} = {24C883EF-4260-4923-BD83-B92D84E70A39}
		{2495424E-1415-478E-B9E5-4674BE08CAE8} = {24C883EF-4260-4923-BD83-B92D84E70A39}
		{FB681A2F-F2FB-4085-B1D0-D0B39D29677A} = {24C883EF-4260-4923-BD83-B92D84E70A39}
		{11E766A1-ACF5-453B-AA82-9AB1D1C4E86A} = {24C883EF-4260-4923-BD83-B92D84E70A39}
		{E4EA091F-7F02-4255-9F52-6872E2588836} = {24C883EF-4260-4923-BD83-B92D84E70A39}
		{D4BC98A0-3A77-46D6-A91D-B630F3BBCE06} = {24C883EF-4260-4923-BD83-B92D84E70A39}
		{658C4853-7022-4C2F-BB82-7261DBDAE55D} = {86A6DFF2-4534-4DE5-A9D4-FC94CE612925}
		{91B38C53-C814-4878-9A7C-87E07465613A} = {63BF05F9-30C5-4868-83A3-F8172C16BFE0}
		{0241ADF2-56FB-48A9-9F13-5FCB8CA4E09E} = {F53B43FC-F2CB-4413-9546-C66650C7DFAA}
		{902711A1-8E1E-4F60-AD34-1DC3E4BE35E3} = {F53B43FC-F2CB-4413-9546-C66650C7DFAA}
		{67211FA7-FE08-45C3-9BD1-D06F3D389951} = {F53B43FC-F2CB-4413-9546-C66650C7DFAA}
		{6202E0C8-B4F6-4AA4-832A-564C88A3FD24} = {6DCCD187-4EF8-4E2D-A06F-D0647D62AB1D}
		{5AD80C17-EB97-4209-A3F0-A76BCA223800} = {6DCCD187-4EF8-4E2D-A06F-D0647D62AB1D}
		{CA221D9F-EA95-491C-A95E-D1CDA8468101} = {6DCCD187-4EF8-4E2D-A06F-D0647D62AB1D}
		{9C08AC15-9965-4F6E-BFD8-C37BDA1EE845} = {25FE450A-EF83-48B6-8A2E-294C1A97410D}
		{176B6638-05E0-4D84-B6B7-86EA35B054F2} = {25FE450A-EF83-48B6-8A2E-294C1A97410D}
		{97978956-55F1-41F4-BD90-75AF372C339C} = {9B82C04B-D84A-4BA1-8412-B8924F639BBD}
		{ACA46F02-5B48-4520-8CB2-3CA01F19B498} = {9B82C04B-D84A-4BA1-8412-B8924F639BBD}
		{4FBF2FFB-A763-4D3F-BBE9-ED7C4619696D} = {9B82C04B-D84A-4BA1-8412-B8924F639BBD}
		{D5A0178C-16F7-453E-A301-D1D61910D2AF} = {0E1852AB-677F-43BC-9EBC-DF3400754CBA}
		{12309506-18A3-48BF-8A55-E950A87A905E} = {0E1852AB-677F-43BC-9EBC-DF3400754CBA}
		{000F6EB2-71D8-4700-9E40-2A7EAC9DB2B1} = {0E1852AB-677F-43BC-9EBC-DF3400754CBA}
		{1FF79A58-4B13-4A6A-B8D8-BCAD3979043E} = {0241ADF2-56FB-48A9-9F13-5FCB8CA4E09E}
		{877FEE03-5B57-4BF5-A7BF-B3997BAE6BB9} = {0241ADF2-56FB-48A9-9F13-5FCB8CA4E09E}
		{4414E679-EE22-4630-8D77-51405A90D261} = {0241ADF2-56FB-48A9-9F13-5FCB8CA4E09E}
		{7647A48C-0A33-4210-9EB5-6D5E485ECC81} = {BF86659C-D45A-4B08-83C7-A04E354737A5}
		{DABF1239-3C69-49DD-80FA-5B5448F59E49} = {4CFC07AB-744B-47BE-AF77-2396D429837E}
		{3A2D1580-FF48-4C65-98E7-C7F7AAA64C58} = {DABF1239-3C69-49DD-80FA-5B5448F59E49}
		{09C9CD08-DB98-41A5-AE44-D581138C88D2} = {3A2D1580-FF48-4C65-98E7-C7F7AAA64C58}
		{A1380A80-DC86-46AE-89C6-31FE11E16FB6} = {3A2D1580-FF48-4C65-98E7-C7F7AAA64C58}
		{D7BA6901-69E9-47BA-B52D-2D7D08420246} = {3A2D1580-FF48-4C65-98E7-C7F7AAA64C58}
		{6C3A90BD-9A96-446B-86C2-079D728F65C7} = {3A2D1580-FF48-4C65-98E7-C7F7AAA64C58}
		{1C6E6F93-515A-4C9B-A577-046D2BC8F486} = {3A2D1580-FF48-4C65-98E7-C7F7AAA64C58}
		{5844CBA9-FCCB-4D7A-ACEE-9C33AA11C996} = {3A2D1580-FF48-4C65-98E7-C7F7AAA64C58}
		{14FFF597-5294-4DD4-8373-923B270D7D37} = {3FB0D85E-310E-499C-ADE8-06A591C25531}
		{3BB13ECB-28BA-4D58-9406-3C6BCDE8CB27} = {BF95361C-3E49-4086-A5DD-395221E31D60}
		{E20B97CC-C679-4280-89E5-C44658EC6CCD} = {3BB13ECB-28BA-4D58-9406-3C6BCDE8CB27}
		{4D005021-7846-4973-AB1D-912D18041C8A} = {3BB13ECB-28BA-4D58-9406-3C6BCDE8CB27}
		{72138203-6EDC-4E36-9F30-DD78D115DFE1} = {E20B97CC-C679-4280-89E5-C44658EC6CCD}
		{61B65966-110D-4FA6-AC46-F02D4D4DE26A} = {4D005021-7846-4973-AB1D-912D18041C8A}
		{CC87EFEA-3B2E-47CC-BBFF-E0EE702D9274} = {4D005021-7846-4973-AB1D-912D18041C8A}
		{AAD4E8A3-58B3-41F6-9B25-6305CFFED484} = {4D005021-7846-4973-AB1D-912D18041C8A}
		{0A0E8766-FAD6-4E67-ACEC-8D76ABFA7822} = {AAD4E8A3-58B3-41F6-9B25-6305CFFED484}
	EndGlobalSection
	GlobalSection(TestCaseManagementSettings) = postSolution
		CategoryFile = KJFramework.vsmdi
	EndGlobalSection
EndGlobal
