
Microsoft Visual Studio Solution File, Format Version 10.00
# Visual Studio 2008
Project("{FAE04EC0-301F-11D3-BF4B-00C04F79EFBC}") = "KJFramework.UI", "KJFramework.UI\KJFramework.UI.csproj", "{91B38C53-C814-4878-9A7C-87E07465613A}"
EndProject
Project("{FAE04EC0-301F-11D3-BF4B-00C04F79EFBC}") = "Tester", "Tester\Tester.csproj", "{DDCBA346-05EA-4216-B699-9058B81F62C9}"
EndProject
Global
	GlobalSection(SolutionConfigurationPlatforms) = preSolution
		Debug|Any CPU = Debug|Any CPU
		Release|Any CPU = Release|Any CPU
	EndGlobalSection
	GlobalSection(ProjectConfigurationPlatforms) = postSolution
		{91B38C53-C814-4878-9A7C-87E07465613A}.Debug|Any CPU.ActiveCfg = Debug|Any CPU
		{91B38C53-C814-4878-9A7C-87E07465613A}.Debug|Any CPU.Build.0 = Debug|Any CPU
		{91B38C53-C814-4878-9A7C-87E07465613A}.Release|Any CPU.ActiveCfg = Release|Any CPU
		{91B38C53-C814-4878-9A7C-87E07465613A}.Release|Any CPU.Build.0 = Release|Any CPU
		{DDCBA346-05EA-4216-B699-9058B81F62C9}.Debug|Any CPU.ActiveCfg = Debug|Any CPU
		{DDCBA346-05EA-4216-B699-9058B81F62C9}.Debug|Any CPU.Build.0 = Debug|Any CPU
		{DDCBA346-05EA-4216-B699-9058B81F62C9}.Release|Any CPU.ActiveCfg = Release|Any CPU
		{DDCBA346-05EA-4216-B699-9058B81F62C9}.Release|Any CPU.Build.0 = Release|Any CPU
	EndGlobalSection
	GlobalSection(SolutionProperties) = preSolution
		HideSolutionNode = FALSE
	EndGlobalSection
EndGlobal
